
Microsoft Visual Studio Solution File, Format Version 12.00
# Visual Studio Version 16
VisualStudioVersion = 16.0.30011.22
MinimumVisualStudioVersion = 10.0.40219.1
Project("{FAE04EC0-301F-11D3-BF4B-00C04F79EFBC}") = "LibraryWPF", "LibraryWPF.csproj", "{45482E7D-AB01-4EE6-A022-5CD95982EB82}"
EndProject
Global
	GlobalSection(SolutionConfigurationPlatforms) = preSolution
		Debug|Any CPU = Debug|Any CPU
		Release|Any CPU = Release|Any CPU
	EndGlobalSection
	GlobalSection(ProjectConfigurationPlatforms) = postSolution
		{45482E7D-AB01-4EE6-A022-5CD95982EB82}.Debug|Any CPU.ActiveCfg = Debug|Any CPU
		{45482E7D-AB01-4EE6-A022-5CD95982EB82}.Debug|Any CPU.Build.0 = Debug|Any CPU
		{45482E7D-AB01-4EE6-A022-5CD95982EB82}.Release|Any CPU.ActiveCfg = Release|Any CPU
		{45482E7D-AB01-4EE6-A022-5CD95982EB82}.Release|Any CPU.Build.0 = Release|Any CPU
	EndGlobalSection
	GlobalSection(SolutionProperties) = preSolution
		HideSolutionNode = FALSE
	EndGlobalSection
	GlobalSection(ExtensibilityGlobals) = postSolution
		SolutionGuid = {204B2F33-A6CF-42F3-9202-D7AC9AE3FAE0}
	EndGlobalSection
EndGlobal
